
Microsoft Visual Studio Solution File, Format Version 12.00
# Visual Studio Version 17
VisualStudioVersion = 17.5.002.0
MinimumVisualStudioVersion = 10.0.40219.1
Project("{2150E333-8FDC-42A3-9474-1A3956D46DE8}") = "sandbox", "sandbox", "{5059B37C-D318-47D8-9878-3F962B1C8479}"
EndProject
Project("{9A19103F-16F7-4668-BE54-9A1E7A4F7556}") = "sandbox_project", "sandbox\sandbox_project\sandbox_project.csproj", "{F1F4D1E1-11FA-4A84-8F32-D8B7469FC53A}"
EndProject
Project("{2150E333-8FDC-42A3-9474-1A3956D46DE8}") = "week01", "week01", "{0CEE9E56-2D8D-402C-AC8D-B094F3B66CF5}"
EndProject
Project("{9A19103F-16F7-4668-BE54-9A1E7A4F7556}") = "analyze", "week01\analyze\analyze.csproj", "{FB54C5A3-1AD6-451E-9D4A-E421F71257D1}"
EndProject
Project("{9A19103F-16F7-4668-BE54-9A1E7A4F7556}") = "code", "week01\code\code.csproj", "{80A6BF15-5F3D-4BDC-8C12-7D0BBF70EBCA}"
EndProject
Project("{9A19103F-16F7-4668-BE54-9A1E7A4F7556}") = "teach", "week01\teach\teach.csproj", "{494D17BC-7A6B-4543-B2A7-503C2DEF6139}"
EndProject
Project("{2150E333-8FDC-42A3-9474-1A3956D46DE8}") = "week02", "week02", "{369DCFFF-5A41-402F-91CC-C69863AD3B9E}"
EndProject
Project("{9A19103F-16F7-4668-BE54-9A1E7A4F7556}") = "analyze", "week02\analyze\analyze.csproj", "{0BF9FE2B-2405-444C-B621-2A7347259C1F}"
EndProject
Project("{9A19103F-16F7-4668-BE54-9A1E7A4F7556}") = "code", "week02\code\code.csproj", "{51B20DA0-3BB8-461B-BD3C-36F986B0C4B4}"
EndProject
Project("{9A19103F-16F7-4668-BE54-9A1E7A4F7556}") = "learn", "week02\learn\learn.csproj", "{A5437EFD-CD52-4340-B4FE-3444DBA846E7}"
EndProject
Project("{9A19103F-16F7-4668-BE54-9A1E7A4F7556}") = "teach", "week02\teach\teach.csproj", "{3D79E024-E68F-4304-B892-32EBFE73B98B}"
EndProject
Project("{2150E333-8FDC-42A3-9474-1A3956D46DE8}") = "week03", "week03", "{F8D802D6-4B20-402C-A44F-84459C270584}"
EndProject
Project("{9A19103F-16F7-4668-BE54-9A1E7A4F7556}") = "code", "week03\code\code.csproj", "{E23631FA-858C-4561-AE22-B529B7950B48}"
EndProject
Project("{9A19103F-16F7-4668-BE54-9A1E7A4F7556}") = "learn", "week03\learn\learn.csproj", "{C448A760-70A4-4F7E-965E-79E91E064894}"
EndProject
Project("{9A19103F-16F7-4668-BE54-9A1E7A4F7556}") = "teach", "week03\teach\teach.csproj", "{CA645B7D-71B9-498E-8363-A16B6EE7DF2D}"
EndProject
Project("{2150E333-8FDC-42A3-9474-1A3956D46DE8}") = "week04", "week04", "{6AE8DF04-9D01-40DD-A93C-0475AC0C3170}"
EndProject
Project("{9A19103F-16F7-4668-BE54-9A1E7A4F7556}") = "code", "week04\code\code.csproj", "{9322308B-5D24-47FC-BDE3-4E1F647067D4}"
EndProject
Project("{2150E333-8FDC-42A3-9474-1A3956D46DE8}") = "week05", "week05", "{86E75299-D5BF-4FC4-8C00-56C6F8A74E35}"
EndProject
Project("{9A19103F-16F7-4668-BE54-9A1E7A4F7556}") = "code", "week05\code\code.csproj", "{D22D8F7E-7E37-421B-A095-DF57084992B2}"
EndProject
Project("{2150E333-8FDC-42A3-9474-1A3956D46DE8}") = "week06", "week06", "{F8DA83A6-4678-43F4-A619-1E9A00379640}"
EndProject
Project("{9A19103F-16F7-4668-BE54-9A1E7A4F7556}") = "code", "week06\code\code.csproj", "{401C5A43-A433-4F52-BE59-FB1362723B0F}"
EndProject
Global
	GlobalSection(SolutionConfigurationPlatforms) = preSolution
		Debug|Any CPU = Debug|Any CPU
		Release|Any CPU = Release|Any CPU
	EndGlobalSection
	GlobalSection(ProjectConfigurationPlatforms) = postSolution
		{F1F4D1E1-11FA-4A84-8F32-D8B7469FC53A}.Debug|Any CPU.ActiveCfg = Debug|Any CPU
		{F1F4D1E1-11FA-4A84-8F32-D8B7469FC53A}.Debug|Any CPU.Build.0 = Debug|Any CPU
		{F1F4D1E1-11FA-4A84-8F32-D8B7469FC53A}.Release|Any CPU.ActiveCfg = Release|Any CPU
		{F1F4D1E1-11FA-4A84-8F32-D8B7469FC53A}.Release|Any CPU.Build.0 = Release|Any CPU
		{FB54C5A3-1AD6-451E-9D4A-E421F71257D1}.Debug|Any CPU.ActiveCfg = Debug|Any CPU
		{FB54C5A3-1AD6-451E-9D4A-E421F71257D1}.Debug|Any CPU.Build.0 = Debug|Any CPU
		{FB54C5A3-1AD6-451E-9D4A-E421F71257D1}.Release|Any CPU.ActiveCfg = Release|Any CPU
		{FB54C5A3-1AD6-451E-9D4A-E421F71257D1}.Release|Any CPU.Build.0 = Release|Any CPU
		{80A6BF15-5F3D-4BDC-8C12-7D0BBF70EBCA}.Debug|Any CPU.ActiveCfg = Debug|Any CPU
		{80A6BF15-5F3D-4BDC-8C12-7D0BBF70EBCA}.Debug|Any CPU.Build.0 = Debug|Any CPU
		{80A6BF15-5F3D-4BDC-8C12-7D0BBF70EBCA}.Release|Any CPU.ActiveCfg = Release|Any CPU
		{80A6BF15-5F3D-4BDC-8C12-7D0BBF70EBCA}.Release|Any CPU.Build.0 = Release|Any CPU
		{494D17BC-7A6B-4543-B2A7-503C2DEF6139}.Debug|Any CPU.ActiveCfg = Debug|Any CPU
		{494D17BC-7A6B-4543-B2A7-503C2DEF6139}.Debug|Any CPU.Build.0 = Debug|Any CPU
		{494D17BC-7A6B-4543-B2A7-503C2DEF6139}.Release|Any CPU.ActiveCfg = Release|Any CPU
		{494D17BC-7A6B-4543-B2A7-503C2DEF6139}.Release|Any CPU.Build.0 = Release|Any CPU
		{0BF9FE2B-2405-444C-B621-2A7347259C1F}.Debug|Any CPU.ActiveCfg = Debug|Any CPU
		{0BF9FE2B-2405-444C-B621-2A7347259C1F}.Debug|Any CPU.Build.0 = Debug|Any CPU
		{0BF9FE2B-2405-444C-B621-2A7347259C1F}.Release|Any CPU.ActiveCfg = Release|Any CPU
		{0BF9FE2B-2405-444C-B621-2A7347259C1F}.Release|Any CPU.Build.0 = Release|Any CPU
		{51B20DA0-3BB8-461B-BD3C-36F986B0C4B4}.Debug|Any CPU.ActiveCfg = Debug|Any CPU
		{51B20DA0-3BB8-461B-BD3C-36F986B0C4B4}.Debug|Any CPU.Build.0 = Debug|Any CPU
		{51B20DA0-3BB8-461B-BD3C-36F986B0C4B4}.Release|Any CPU.ActiveCfg = Release|Any CPU
		{51B20DA0-3BB8-461B-BD3C-36F986B0C4B4}.Release|Any CPU.Build.0 = Release|Any CPU
		{A5437EFD-CD52-4340-B4FE-3444DBA846E7}.Debug|Any CPU.ActiveCfg = Debug|Any CPU
		{A5437EFD-CD52-4340-B4FE-3444DBA846E7}.Debug|Any CPU.Build.0 = Debug|Any CPU
		{A5437EFD-CD52-4340-B4FE-3444DBA846E7}.Release|Any CPU.ActiveCfg = Release|Any CPU
		{A5437EFD-CD52-4340-B4FE-3444DBA846E7}.Release|Any CPU.Build.0 = Release|Any CPU
		{3D79E024-E68F-4304-B892-32EBFE73B98B}.Debug|Any CPU.ActiveCfg = Debug|Any CPU
		{3D79E024-E68F-4304-B892-32EBFE73B98B}.Debug|Any CPU.Build.0 = Debug|Any CPU
		{3D79E024-E68F-4304-B892-32EBFE73B98B}.Release|Any CPU.ActiveCfg = Release|Any CPU
		{3D79E024-E68F-4304-B892-32EBFE73B98B}.Release|Any CPU.Build.0 = Release|Any CPU
		{E23631FA-858C-4561-AE22-B529B7950B48}.Debug|Any CPU.ActiveCfg = Debug|Any CPU
		{E23631FA-858C-4561-AE22-B529B7950B48}.Debug|Any CPU.Build.0 = Debug|Any CPU
		{E23631FA-858C-4561-AE22-B529B7950B48}.Release|Any CPU.ActiveCfg = Release|Any CPU
		{E23631FA-858C-4561-AE22-B529B7950B48}.Release|Any CPU.Build.0 = Release|Any CPU
		{C448A760-70A4-4F7E-965E-79E91E064894}.Debug|Any CPU.ActiveCfg = Debug|Any CPU
		{C448A760-70A4-4F7E-965E-79E91E064894}.Debug|Any CPU.Build.0 = Debug|Any CPU
		{C448A760-70A4-4F7E-965E-79E91E064894}.Release|Any CPU.ActiveCfg = Release|Any CPU
		{C448A760-70A4-4F7E-965E-79E91E064894}.Release|Any CPU.Build.0 = Release|Any CPU
		{CA645B7D-71B9-498E-8363-A16B6EE7DF2D}.Debug|Any CPU.ActiveCfg = Debug|Any CPU
		{CA645B7D-71B9-498E-8363-A16B6EE7DF2D}.Debug|Any CPU.Build.0 = Debug|Any CPU
		{CA645B7D-71B9-498E-8363-A16B6EE7DF2D}.Release|Any CPU.ActiveCfg = Release|Any CPU
		{CA645B7D-71B9-498E-8363-A16B6EE7DF2D}.Release|Any CPU.Build.0 = Release|Any CPU
		{9322308B-5D24-47FC-BDE3-4E1F647067D4}.Debug|Any CPU.ActiveCfg = Debug|Any CPU
		{9322308B-5D24-47FC-BDE3-4E1F647067D4}.Debug|Any CPU.Build.0 = Debug|Any CPU
		{9322308B-5D24-47FC-BDE3-4E1F647067D4}.Release|Any CPU.ActiveCfg = Release|Any CPU
		{9322308B-5D24-47FC-BDE3-4E1F647067D4}.Release|Any CPU.Build.0 = Release|Any CPU
		{D22D8F7E-7E37-421B-A095-DF57084992B2}.Debug|Any CPU.ActiveCfg = Debug|Any CPU
		{D22D8F7E-7E37-421B-A095-DF57084992B2}.Debug|Any CPU.Build.0 = Debug|Any CPU
		{D22D8F7E-7E37-421B-A095-DF57084992B2}.Release|Any CPU.ActiveCfg = Release|Any CPU
		{D22D8F7E-7E37-421B-A095-DF57084992B2}.Release|Any CPU.Build.0 = Release|Any CPU
		{401C5A43-A433-4F52-BE59-FB1362723B0F}.Debug|Any CPU.ActiveCfg = Debug|Any CPU
		{401C5A43-A433-4F52-BE59-FB1362723B0F}.Debug|Any CPU.Build.0 = Debug|Any CPU
		{401C5A43-A433-4F52-BE59-FB1362723B0F}.Release|Any CPU.ActiveCfg = Release|Any CPU
		{401C5A43-A433-4F52-BE59-FB1362723B0F}.Release|Any CPU.Build.0 = Release|Any CPU
	EndGlobalSection
	GlobalSection(SolutionProperties) = preSolution
		HideSolutionNode = FALSE
	EndGlobalSection
	GlobalSection(NestedProjects) = preSolution
		{F1F4D1E1-11FA-4A84-8F32-D8B7469FC53A} = {5059B37C-D318-47D8-9878-3F962B1C8479}
		{FB54C5A3-1AD6-451E-9D4A-E421F71257D1} = {0CEE9E56-2D8D-402C-AC8D-B094F3B66CF5}
		{80A6BF15-5F3D-4BDC-8C12-7D0BBF70EBCA} = {0CEE9E56-2D8D-402C-AC8D-B094F3B66CF5}
		{494D17BC-7A6B-4543-B2A7-503C2DEF6139} = {0CEE9E56-2D8D-402C-AC8D-B094F3B66CF5}
		{0BF9FE2B-2405-444C-B621-2A7347259C1F} = {369DCFFF-5A41-402F-91CC-C69863AD3B9E}
		{51B20DA0-3BB8-461B-BD3C-36F986B0C4B4} = {369DCFFF-5A41-402F-91CC-C69863AD3B9E}
		{A5437EFD-CD52-4340-B4FE-3444DBA846E7} = {369DCFFF-5A41-402F-91CC-C69863AD3B9E}
		{3D79E024-E68F-4304-B892-32EBFE73B98B} = {369DCFFF-5A41-402F-91CC-C69863AD3B9E}
		{E23631FA-858C-4561-AE22-B529B7950B48} = {F8D802D6-4B20-402C-A44F-84459C270584}
		{C448A760-70A4-4F7E-965E-79E91E064894} = {F8D802D6-4B20-402C-A44F-84459C270584}
		{CA645B7D-71B9-498E-8363-A16B6EE7DF2D} = {F8D802D6-4B20-402C-A44F-84459C270584}
		{9322308B-5D24-47FC-BDE3-4E1F647067D4} = {6AE8DF04-9D01-40DD-A93C-0475AC0C3170}
		{D22D8F7E-7E37-421B-A095-DF57084992B2} = {86E75299-D5BF-4FC4-8C00-56C6F8A74E35}
		{401C5A43-A433-4F52-BE59-FB1362723B0F} = {F8DA83A6-4678-43F4-A619-1E9A00379640}
	EndGlobalSection
	GlobalSection(ExtensibilityGlobals) = postSolution
		SolutionGuid = {899865E4-106A-4277-BEC1-E31E844CE438}
	EndGlobalSection
EndGlobal
